{
  "name": "fh-control-center",
  "lockfileVersion": 3,
  "requires": true,
  "packages": {
    "": {
      "name": "fh-control-center",
      "dependencies": {
        "@oarkflow/lithe": "^1.1.6"
      }
    },
    "node_modules/@oarkflow/lithe": {
      "version": "1.1.6",
      "resolved": "https://registry.npmjs.org/@oarkflow/lithe/-/lithe-1.1.6.tgz",
      "integrity": "sha512-jBHi3oGNvXYjmbkCfkRUwOK+gZpPSc3oHavBugBbIvqg8rV83bv2XxhCjVcz4WYU02Xc96rhQMHRJXvB24XzfQ==",
      "license": "MIT",
      "bin": {
        "lithe": "cli/lithe.js"
      },
      "engines": {
        "node": ">=22.6.0"
      }
    }
  }
}
